// !$*UTF8*$!
{
	archiveVersion = 1;
	classes = {
	};
	objectVersion = 46;
	objects = {

/* Begin PBXBuildFile section */
		8462D69F1A2553600074CFCB /* main.m in Sources */ = {isa = PBXBuildFile; fileRef = 8462D69E1A2553600074CFCB /* main.m */; };
		8462D6A21A2553600074CFCB /* AppDelegate.m in Sources */ = {isa = PBXBuildFile; fileRef = 8462D6A11A2553600074CFCB /* AppDelegate.m */; };
		8462D6A51A2553600074CFCB /* testgithub03.xcdatamodeld in Sources */ = {isa = PBXBuildFile; fileRef = 8462D6A31A2553600074CFCB /* testgithub03.xcdatamodeld */; };
		8462D6A81A2553600074CFCB /* ViewController.m in Sources */ = {isa = PBXBuildFile; fileRef = 8462D6A71A2553600074CFCB /* ViewController.m */; };
		8462D6AB1A2553600074CFCB /* Main.storyboard in Resources */ = {isa = PBXBuildFile; fileRef = 8462D6A91A2553600074CFCB /* Main.storyboard */; };
		8462D6AD1A2553600074CFCB /* Images.xcassets in Resources */ = {isa = PBXBuildFile; fileRef = 8462D6AC1A2553600074CFCB /* Images.xcassets */; };
		8462D6B01A2553600074CFCB /* LaunchScreen.xib in Resources */ = {isa = PBXBuildFile; fileRef = 8462D6AE1A2553600074CFCB /* LaunchScreen.xib */; };
		8462D6BC1A2553600074CFCB /* testgithub03Tests.m in Sources */ = {isa = PBXBuildFile; fileRef = 8462D6BB1A2553600074CFCB /* testgithub03Tests.m */; };
		8462D6C71A2558380074CFCB /* dddddd.m in Sources */ = {isa = PBXBuildFile; fileRef = 8462D6C61A2558380074CFCB /* dddddd.m */; };
/* End PBXBuildFile section */

/* Begin PBXContainerItemProxy section */
		8462D6B61A2553600074CFCB /* PBXContainerItemProxy */ = {
			isa = PBXContainerItemProxy;
			containerPortal = 8462D6911A2553600074CFCB /* Project object */;
			proxyType = 1;
			remoteGlobalIDString = 8462D6981A2553600074CFCB;
			remoteInfo = testgithub03;
		};
/* End PBXContainerItemProxy section */

/* Begin PBXFileReference section */
		8462D6991A2553600074CFCB /* testgithub03.app */ = {isa = PBXFileReference; explicitFileType = wrapper.application; includeInIndex = 0; path = testgithub03.app; sourceTree = BUILT_PRODUCTS_DIR; };
		8462D69D1A2553600074CFCB /* Info.plist */ = {isa = PBXFileReference; lastKnownFileType = text.plist.xml; path = Info.plist; sourceTree = "<group>"; };
		8462D69E1A2553600074CFCB /* main.m */ = {isa = PBXFileReference; lastKnownFileType = sourcecode.c.objc; path = main.m; sourceTree = "<group>"; };
		8462D6A01A2553600074CFCB /* AppDelegate.h */ = {isa = PBXFileReference; lastKnownFileType = sourcecode.c.h; path = AppDelegate.h; sourceTree = "<group>"; };
		8462D6A11A2553600074CFCB /* AppDelegate.m */ = {isa = PBXFileReference; lastKnownFileType = sourcecode.c.objc; path = AppDelegate.m; sourceTree = "<group>"; };
		8462D6A41A2553600074CFCB /* testgithub03.xcdatamodel */ = {isa = PBXFileReference; lastKnownFileType = wrapper.xcdatamodel; path = testgithub03.xcdatamodel; sourceTree = "<group>"; };
		8462D6A61A2553600074CFCB /* ViewController.h */ = {isa = PBXFileReference; lastKnownFileType = sourcecode.c.h; path = ViewController.h; sourceTree = "<group>"; };
		8462D6A71A2553600074CFCB /* ViewController.m */ = {isa = PBXFileReference; lastKnownFileType = sourcecode.c.objc; path = ViewController.m; sourceTree = "<group>"; };
		8462D6AA1A2553600074CFCB /* Base */ = {isa = PBXFileReference; lastKnownFileType = file.storyboard; name = Base; path = Base.lproj/Main.storyboard; sourceTree = "<group>"; };
		8462D6AC1A2553600074CFCB /* Images.xcassets */ = {isa = PBXFileReference; lastKnownFileType = folder.assetcatalog; path = Images.xcassets; sourceTree = "<group>"; };
		8462D6AF1A2553600074CFCB /* Base */ = {isa = PBXFileReference; lastKnownFileType = file.xib; name = Base; path = Base.lproj/LaunchScreen.xib; sourceTree = "<group>"; };
		8462D6B51A2553600074CFCB /* testgithub03Tests.xctest */ = {isa = PBXFileReference; explicitFileType = wrapper.cfbundle; includeInIndex = 0; path = testgithub03Tests.xctest; sourceTree = BUILT_PRODUCTS_DIR; };
		8462D6BA1A2553600074CFCB /* Info.plist */ = {isa = PBXFileReference; lastKnownFileType = text.plist.xml; path = Info.plist; sourceTree = "<group>"; };
		8462D6BB1A2553600074CFCB /* testgithub03Tests.m */ = {isa = PBXFileReference; lastKnownFileType = sourcecode.c.objc; path = testgithub03Tests.m; sourceTree = "<group>"; };
		8462D6C51A2558380074CFCB /* dddddd.h */ = {isa = PBXFileReference; fileEncoding = 4; lastKnownFileType = sourcecode.c.h; path = dddddd.h; sourceTree = "<group>"; };
		8462D6C61A2558380074CFCB /* dddddd.m */ = {isa = PBXFileReference; fileEncoding = 4; lastKnownFileType = sourcecode.c.objc; path = dddddd.m; sourceTree = "<group>"; };
/* End PBXFileReference section */

/* Begin PBXFrameworksBuildPhase section */
		8462D6961A2553600074CFCB /* Frameworks */ = {
			isa = PBXFrameworksBuildPhase;
			buildActionMask = 2147483647;
			files = (
			);
			runOnlyForDeploymentPostprocessing = 0;
		};
		8462D6B21A2553600074CFCB /* Frameworks */ = {
			isa = PBXFrameworksBuildPhase;
			buildActionMask = 2147483647;
			files = (
			);
			runOnlyForDeploymentPostprocessing = 0;
		};
/* End PBXFrameworksBuildPhase section */

/* Begin PBXGroup section */
		8462D6901A2553600074CFCB = {
			isa = PBXGroup;
			children = (
				8462D69B1A2553600074CFCB /* testgithub03 */,
				8462D6B81A2553600074CFCB /* testgithub03Tests */,
				8462D69A1A2553600074CFCB /* Products */,
			);
			sourceTree = "<group>";
		};
		8462D69A1A2553600074CFCB /* Products */ = {
			isa = PBXGroup;
			children = (
				8462D6991A2553600074CFCB /* testgithub03.app */,
				8462D6B51A2553600074CFCB /* testgithub03Tests.xctest */,
			);
			name = Products;
			sourceTree = "<group>";
		};
		8462D69B1A2553600074CFCB /* testgithub03 */ = {
			isa = PBXGroup;
			children = (
				8462D6A01A2553600074CFCB /* AppDelegate.h */,
				8462D6A11A2553600074CFCB /* AppDelegate.m */,
				8462D6A61A2553600074CFCB /* ViewController.h */,
				8462D6A71A2553600074CFCB /* ViewController.m */,
				8462D6A91A2553600074CFCB /* Main.storyboard */,
				8462D6AC1A2553600074CFCB /* Images.xcassets */,
				8462D6AE1A2553600074CFCB /* LaunchScreen.xib */,
				8462D6A31A2553600074CFCB /* testgithub03.xcdatamodeld */,
				8462D69C1A2553600074CFCB /* Supporting Files */,
				8462D6C51A2558380074CFCB /* dddddd.h */,
				8462D6C61A2558380074CFCB /* dddddd.m */,
			);
			path = testgithub03;
			sourceTree = "<group>";
		};
		8462D69C1A2553600074CFCB /* Supporting Files */ = {
			isa = PBXGroup;
			children = (
				8462D69D1A2553600074CFCB /* Info.plist */,
				8462D69E1A2553600074CFCB /* main.m */,
			);
			name = "Supporting Files";
			sourceTree = "<group>";
		};
		8462D6B81A2553600074CFCB /* testgithub03Tests */ = {
			isa = PBXGroup;
			children = (
				8462D6BB1A2553600074CFCB /* testgithub03Tests.m */,
				8462D6B91A2553600074CFCB /* Supporting Files */,
			);
			path = testgithub03Tests;
			sourceTree = "<group>";
		};
		8462D6B91A2553600074CFCB /* Supporting Files */ = {
			isa = PBXGroup;
			children = (
				8462D6BA1A2553600074CFCB /* Info.plist */,
			);
			name = "Supporting Files";
			sourceTree = "<group>";
		};
/* End PBXGroup section */

/* Begin PBXNativeTarget section */
		8462D6981A2553600074CFCB /* testgithub03 */ = {
			isa = PBXNativeTarget;
			buildConfigurationList = 8462D6BF1A2553600074CFCB /* Build configuration list for PBXNativeTarget "testgithub03" */;
			buildPhases = (
				8462D6951A2553600074CFCB /* Sources */,
				8462D6961A2553600074CFCB /* Frameworks */,
				8462D6971A2553600074CFCB /* Resources */,
			);
			buildRules = (
			);
			dependencies = (
			);
			name = testgithub03;
			productName = testgithub03;
			productReference = 8462D6991A2553600074CFCB /* testgithub03.app */;
			productType = "com.apple.product-type.application";
		};
		8462D6B41A2553600074CFCB /* testgithub03Tests */ = {
			isa = PBXNativeTarget;
			buildConfigurationList = 8462D6C21A2553600074CFCB /* Build configuration list for PBXNativeTarget "testgithub03Tests" */;
			buildPhases = (
				8462D6B11A2553600074CFCB /* Sources */,
				8462D6B21A2553600074CFCB /* Frameworks */,
				8462D6B31A2553600074CFCB /* Resources */,
			);
			buildRules = (
			);
			dependencies = (
				8462D6B71A2553600074CFCB /* PBXTargetDependency */,
			);
			name = testgithub03Tests;
			productName = testgithub03Tests;
			productReference = 8462D6B51A2553600074CFCB /* testgithub03Tests.xctest */;
			productType = "com.apple.product-type.bundle.unit-test";
		};
/* End PBXNativeTarget section */

/* Begin PBXProject section */
		8462D6911A2553600074CFCB /* Project object */ = {
			isa = PBXProject;
			attributes = {
				LastUpgradeCheck = 0600;
				ORGANIZATIONNAME = "Polaris Technology";
				TargetAttributes = {
					8462D6981A2553600074CFCB = {
						CreatedOnToolsVersion = 6.0;
					};
					8462D6B41A2553600074CFCB = {
						CreatedOnToolsVersion = 6.0;
						TestTargetID = 8462D6981A2553600074CFCB;
					};
				};
			};
			buildConfigurationList = 8462D6941A2553600074CFCB /* Build configuration list for PBXProject "testgithub03" */;
			compatibilityVersion = "Xcode 3.2";
			developmentRegion = English;
			hasScannedForEncodings = 0;
			knownRegions = (
				en,
				Base,
			);
			mainGroup = 8462D6901A2553600074CFCB;
			productRefGroup = 8462D69A1A2553600074CFCB /* Products */;
			projectDirPath = "";
			projectRoot = "";
			targets = (
				8462D6981A2553600074CFCB /* testgithub03 */,
				8462D6B41A2553600074CFCB /* testgithub03Tests */,
			);
		};
/* End PBXProject section */

/* Begin PBXResourcesBuildPhase section */
		8462D6971A2553600074CFCB /* Resources */ = {
			isa = PBXResourcesBuildPhase;
			buildActionMask = 2147483647;
			files = (
				8462D6AB1A2553600074CFCB /* Main.storyboard in Resources */,
				8462D6B01A2553600074CFCB /* LaunchScreen.xib in Resources */,
				8462D6AD1A2553600074CFCB /* Images.xcassets in Resources */,
			);
			runOnlyForDeploymentPostprocessing = 0;
		};
		8462D6B31A2553600074CFCB /* Resources */ = {
			isa = PBXResourcesBuildPhase;
			buildActionMask = 2147483647;
			files = (
			);
			runOnlyForDeploymentPostprocessing = 0;
		};
/* End PBXResourcesBuildPhase section */

/* Begin PBXSourcesBuildPhase section */
		8462D6951A2553600074CFCB /* Sources */ = {
			isa = PBXSourcesBuildPhase;
			buildActionMask = 2147483647;
			files = (
				8462D6C71A2558380074CFCB /* dddddd.m in Sources */,
				8462D6A21A2553600074CFCB /* AppDelegate.m in Sources */,
				8462D6A51A2553600074CFCB /* testgithub03.xcdatamodeld in Sources */,
				8462D6A81A2553600074CFCB /* ViewController.m in Sources */,
				8462D69F1A2553600074CFCB /* main.m in Sources */,
			);
			runOnlyForDeploymentPostprocessing = 0;
		};
		8462D6B11A2553600074CFCB /* Sources */ = {
			isa = PBXSourcesBuildPhase;
			buildActionMask = 2147483647;
			files = (
				8462D6BC1A2553600074CFCB /* testgithub03Tests.m in Sources */,
			);
			runOnlyForDeploymentPostprocessing = 0;
		};
/* End PBXSourcesBuildPhase section */

/* Begin PBXTargetDependency section */
		8462D6B71A2553600074CFCB /* PBXTargetDependency */ = {
			isa = PBXTargetDependency;
			target = 8462D6981A2553600074CFCB /* testgithub03 */;
			targetProxy = 8462D6B61A2553600074CFCB /* PBXContainerItemProxy */;
		};
/* End PBXTargetDependency section */

/* Begin PBXVariantGroup section */
		8462D6A91A2553600074CFCB /* Main.storyboard */ = {
			isa = PBXVariantGroup;
			children = (
				8462D6AA1A2553600074CFCB /* Base */,
			);
			name = Main.storyboard;
			sourceTree = "<group>";
		};
		8462D6AE1A2553600074CFCB /* LaunchScreen.xib */ = {
			isa = PBXVariantGroup;
			children = (
				8462D6AF1A2553600074CFCB /* Base */,
			);
			name = LaunchScreen.xib;
			sourceTree = "<group>";
		};
/* End PBXVariantGroup section */

/* Begin XCBuildConfiguration section */
		8462D6BD1A2553600074CFCB /* Debug */ = {
			isa = XCBuildConfiguration;
			buildSettings = {
				ALWAYS_SEARCH_USER_PATHS = NO;
				CLANG_CXX_LANGUAGE_STANDARD = "gnu++0x";
				CLANG_CXX_LIBRARY = "libc++";
				CLANG_ENABLE_MODULES = YES;
				CLANG_ENABLE_OBJC_ARC = YES;
				CLANG_WARN_BOOL_CONVERSION = YES;
				CLANG_WARN_CONSTANT_CONVERSION = YES;
				CLANG_WARN_DIRECT_OBJC_ISA_USAGE = YES_ERROR;
				CLANG_WARN_EMPTY_BODY = YES;
				CLANG_WARN_ENUM_CONVERSION = YES;
				CLANG_WARN_INT_CONVERSION = YES;
				CLANG_WARN_OBJC_ROOT_CLASS = YES_ERROR;
				CLANG_WARN_UNREACHABLE_CODE = YES;
				CLANG_WARN__DUPLICATE_METHOD_MATCH = YES;
				"CODE_SIGN_IDENTITY[sdk=iphoneos*]" = "iPhone Developer";
				COPY_PHASE_STRIP = NO;
				ENABLE_STRICT_OBJC_MSGSEND = YES;
				GCC_C_LANGUAGE_STANDARD = gnu99;
				GCC_DYNAMIC_NO_PIC = NO;
				GCC_OPTIMIZATION_LEVEL = 0;
				GCC_PREPROCESSOR_DEFINITIONS = (
					"DEBUG=1",
					"$(inherited)",
				);
				GCC_SYMBOLS_PRIVATE_EXTERN = NO;
				GCC_WARN_64_TO_32_BIT_CONVERSION = YES;
				GCC_WARN_ABOUT_RETURN_TYPE = YES_ERROR;
				GCC_WARN_UNDECLARED_SELECTOR = YES;
				GCC_WARN_UNINITIALIZED_AUTOS = YES_AGGRESSIVE;
				GCC_WARN_UNUSED_FUNCTION = YES;
				GCC_WARN_UNUSED_VARIABLE = YES;
				IPHONEOS_DEPLOYMENT_TARGET = 8.0;
				MTL_ENABLE_DEBUG_INFO = YES;
				ONLY_ACTIVE_ARCH = YES;
				SDKROOT = iphoneos;
			};
			name = Debug;
		};
		8462D6BE1A2553600074CFCB /* Release */ = {
			isa = XCBuildConfiguration;
			buildSettings = {
				ALWAYS_SEARCH_USER_PATHS = NO;
				CLANG_CXX_LANGUAGE_STANDARD = "gnu++0x";
				CLANG_CXX_LIBRARY = "libc++";
				CLANG_ENABLE_MODULES = YES;
				CLANG_ENABLE_OBJC_ARC = YES;
				CLANG_WARN_BOOL_CONVERSION = YES;
				CLANG_WARN_CONSTANT_CONVERSION = YES;
				CLANG_WARN_DIRECT_OBJC_ISA_USAGE = YES_ERROR;
				CLANG_WARN_EMPTY_BODY = YES;
				CLANG_WARN_ENUM_CONVERSION = YES;
				CLANG_WARN_INT_CONVERSION = YES;
				CLANG_WARN_OBJC_ROOT_CLASS = YES_ERROR;
				CLANG_WARN_UNREACHABLE_CODE = YES;
				CLANG_WARN__DUPLICATE_METHOD_MATCH = YES;
				"CODE_SIGN_IDENTITY[sdk=iphoneos*]" = "iPhone Developer";
				COPY_PHASE_STRIP = YES;
				ENABLE_NS_ASSERTIONS = NO;
				ENABLE_STRICT_OBJC_MSGSEND = YES;
				GCC_C_LANGUAGE_STANDARD = gnu99;
				GCC_WARN_64_TO_32_BIT_CONVERSION = YES;
				GCC_WARN_ABOUT_RETURN_TYPE = YES_ERROR;
				GCC_WARN_UNDECLARED_SELECTOR = YES;
				GCC_WARN_UNINITIALIZED_AUTOS = YES_AGGRESSIVE;
				GCC_WARN_UNUSED_FUNCTION = YES;
				GCC_WARN_UNUSED_VARIABLE = YES;
				IPHONEOS_DEPLOYMENT_TARGET = 8.0;
				MTL_ENABLE_DEBUG_INFO = NO;
				SDKROOT = iphoneos;
				VALIDATE_PRODUCT = YES;
			};
			name = Release;
		};
		8462D6C01A2553600074CFCB /* Debug */ = {
			isa = XCBuildConfiguration;
			buildSettings = {
				ASSETCATALOG_COMPILER_APPICON_NAME = AppIcon;
				INFOPLIST_FILE = testgithub03/Info.plist;
				LD_RUNPATH_SEARCH_PATHS = "$(inherited) @executable_path/Frameworks";
				PRODUCT_NAME = "$(TARGET_NAME)";
			};
			name = Debug;
		};
		8462D6C11A2553600074CFCB /* Release */ = {
			isa = XCBuildConfiguration;
			buildSettings = {
				ASSETCATALOG_COMPILER_APPICON_NAME = AppIcon;
				INFOPLIST_FILE = testgithub03/Info.plist;
				LD_RUNPATH_SEARCH_PATHS = "$(inherited) @executable_path/Frameworks";
				PRODUCT_NAME = "$(TARGET_NAME)";
			};
			name = Release;
		};
		8462D6C31A2553600074CFCB /* Debug */ = {
			isa = XCBuildConfiguration;
			buildSettings = {
				BUNDLE_LOADER = "$(TEST_HOST)";
				FRAMEWORK_SEARCH_PATHS = (
					"$(SDKROOT)/Developer/Library/Frameworks",
					"$(inherited)",
				);
				GCC_PREPROCESSOR_DEFINITIONS = (
					"DEBUG=1",
					"$(inherited)",
				);
				INFOPLIST_FILE = testgithub03Tests/Info.plist;
				LD_RUNPATH_SEARCH_PATHS = "$(inherited) @executable_path/Frameworks @loader_path/Frameworks";
				PRODUCT_NAME = "$(TARGET_NAME)";
				TEST_HOST = "$(BUILT_PRODUCTS_DIR)/testgithub03.app/testgithub03";
			};
			name = Debug;
		};
		8462D6C41A2553600074CFCB /* Release */ = {
			isa = XCBuildConfiguration;
			buildSettings = {
				BUNDLE_LOADER = "$(TEST_HOST)";
				FRAMEWORK_SEARCH_PATHS = (
					"$(SDKROOT)/Developer/Library/Frameworks",
					"$(inherited)",
				);
				INFOPLIST_FILE = testgithub03Tests/Info.plist;
				LD_RUNPATH_SEARCH_PATHS = "$(inherited) @executable_path/Frameworks @loader_path/Frameworks";
				PRODUCT_NAME = "$(TARGET_NAME)";
				TEST_HOST = "$(BUILT_PRODUCTS_DIR)/testgithub03.app/testgithub03";
			};
			name = Release;
		};
/* End XCBuildConfiguration section */

/* Begin XCConfigurationList section */
		8462D6941A2553600074CFCB /* Build configuration list for PBXProject "testgithub03" */ = {
			isa = XCConfigurationList;
			buildConfigurations = (
				8462D6BD1A2553600074CFCB /* Debug */,
				8462D6BE1A2553600074CFCB /* Release */,
			);
			defaultConfigurationIsVisible = 0;
			defaultConfigurationName = Release;
		};
		8462D6BF1A2553600074CFCB /* Build configuration list for PBXNativeTarget "testgithub03" */ = {
			isa = XCConfigurationList;
			buildConfigurations = (
				8462D6C01A2553600074CFCB /* Debug */,
				8462D6C11A2553600074CFCB /* Release */,
			);
			defaultConfigurationIsVisible = 0;
			defaultConfigurationName = Release;
		};
		8462D6C21A2553600074CFCB /* Build configuration list for PBXNativeTarget "testgithub03Tests" */ = {
			isa = XCConfigurationList;
			buildConfigurations = (
				8462D6C31A2553600074CFCB /* Debug */,
				8462D6C41A2553600074CFCB /* Release */,
			);
			defaultConfigurationIsVisible = 0;
			defaultConfigurationName = Release;
		};
/* End XCConfigurationList section */

/* Begin XCVersionGroup section */
		8462D6A31A2553600074CFCB /* testgithub03.xcdatamodeld */ = {
			isa = XCVersionGroup;
			children = (
				8462D6A41A2553600074CFCB /* testgithub03.xcdatamodel */,
			);
			currentVersion = 8462D6A41A2553600074CFCB /* testgithub03.xcdatamodel */;
			path = testgithub03.xcdatamodeld;
			sourceTree = "<group>";
			versionGroupType = wrapper.xcdatamodel;
		};
/* End XCVersionGroup section */
	};
	rootObject = 8462D6911A2553600074CFCB /* Project object */;
}
